// !$*UTF8*$!
{
	archiveVersion = 1;
	classes = {
	};
	objectVersion = 77;
	objects = {

/* Begin PBXContainerItemProxy section */
		92CF18952F0F3A11005E579B /* PBXContainerItemProxy */ = {
			isa = PBXContainerItemProxy;
			containerPortal = 92CF18762F0F3A10005E579B /* Project object */;
			proxyType = 1;
			remoteGlobalIDString = 92CF187D2F0F3A10005E579B;
			remoteInfo = splitease;
		};
		92CF189F2F0F3A11005E579B /* PBXContainerItemProxy */ = {
			isa = PBXContainerItemProxy;
			containerPortal = 92CF18762F0F3A10005E579B /* Project object */;
			proxyType = 1;
			remoteGlobalIDString = 92CF187D2F0F3A10005E579B;
			remoteInfo = splitease;
		};
/* End PBXContainerItemProxy section */

/* Begin PBXFileReference section */
		92CF187E2F0F3A10005E579B /* splitease.app */ = {isa = PBXFileReference; explicitFileType = wrapper.application; includeInIndex = 0; path = splitease.app; sourceTree = BUILT_PRODUCTS_DIR; };
		92CF18942F0F3A11005E579B /* spliteaseTests.xctest */ = {isa = PBXFileReference; explicitFileType = wrapper.cfbundle; includeInIndex = 0; path = spliteaseTests.xctest; sourceTree = BUILT_PRODUCTS_DIR; };
		92CF189E2F0F3A11005E579B /* spliteaseUITests.xctest */ = {isa = PBXFileReference; explicitFileType = wrapper.cfbundle; includeInIndex = 0; path = spliteaseUITests.xctest; sourceTree = BUILT_PRODUCTS_DIR; };
		92CF18B42F0F3A11005E579B /* splitease/Config/Debug.xcconfig */ = {isa = PBXFileReference; lastKnownFileType = text.xcconfig; path = splitease/Config/Debug.xcconfig; sourceTree = "<group>"; };
		92CF18B52F0F3A11005E579B /* splitease/Config/Release.xcconfig */ = {isa = PBXFileReference; lastKnownFileType = text.xcconfig; path = splitease/Config/Release.xcconfig; sourceTree = "<group>"; };
/* End PBXFileReference section */

/* Begin PBXFileSystemSynchronizedBuildFileExceptionSet section */
		92CF18A62F0F3A11005E579B /* Exceptions for "splitease" folder in "splitease" target */ = {
			isa = PBXFileSystemSynchronizedBuildFileExceptionSet;
			membershipExceptions = (
				Config/Debug.xcconfig,
				Config/Release.xcconfig,
				Info.plist,
			);
			target = 92CF187D2F0F3A10005E579B /* splitease */;
		};
/* End PBXFileSystemSynchronizedBuildFileExceptionSet section */

/* Begin PBXFileSystemSynchronizedRootGroup section */
		92CF18802F0F3A10005E579B /* splitease */ = {
			isa = PBXFileSystemSynchronizedRootGroup;
			exceptions = (
				92CF18A62F0F3A11005E579B /* Exceptions for "splitease" folder in "splitease" target */,
			);
			path = splitease;
			sourceTree = "<group>";
		};
		92CF18972F0F3A11005E579B /* spliteaseTests */ = {
			isa = PBXFileSystemSynchronizedRootGroup;
			path = spliteaseTests;
			sourceTree = "<group>";
		};
		92CF18A12F0F3A11005E579B /* spliteaseUITests */ = {
			isa = PBXFileSystemSynchronizedRootGroup;
			path = spliteaseUITests;
			sourceTree = "<group>";
		};
/* End PBXFileSystemSynchronizedRootGroup section */

/* Begin PBXFrameworksBuildPhase section */
		92CF187B2F0F3A10005E579B /* Frameworks */ = {
			isa = PBXFrameworksBuildPhase;
			buildActionMask = 2147483647;
			files = (
			);
			runOnlyForDeploymentPostprocessing = 0;
		};
		92CF18912F0F3A11005E579B /* Frameworks */ = {
			isa = PBXFrameworksBuildPhase;
			buildActionMask = 2147483647;
			files = (
			);
			runOnlyForDeploymentPostprocessing = 0;
		};
		92CF189B2F0F3A11005E579B /* Frameworks */ = {
			isa = PBXFrameworksBuildPhase;
			buildActionMask = 2147483647;
			files = (
			);
			runOnlyForDeploymentPostprocessing = 0;
		};
/* End PBXFrameworksBuildPhase section */

/* Begin PBXGroup section */
		922B42F72F2CB09700087E64 /* Recovered References */ = {
			isa = PBXGroup;
			children = (
				92CF18B42F0F3A11005E579B /* splitease/Config/Debug.xcconfig */,
				92CF18B52F0F3A11005E579B /* splitease/Config/Release.xcconfig */,
			);
			name = "Recovered References";
			sourceTree = "<group>";
		};
		92CF18752F0F3A10005E579B = {
			isa = PBXGroup;
			children = (
				92CF18802F0F3A10005E579B /* splitease */,
				92CF18972F0F3A11005E579B /* spliteaseTests */,
				92CF18A12F0F3A11005E579B /* spliteaseUITests */,
				92CF187F2F0F3A10005E579B /* Products */,
				922B42F72F2CB09700087E64 /* Recovered References */,
			);
			sourceTree = "<group>";
		};
		92CF187F2F0F3A10005E579B /* Products */ = {
			isa = PBXGroup;
			children = (
				92CF187E2F0F3A10005E579B /* splitease.app */,
				92CF18942F0F3A11005E579B /* spliteaseTests.xctest */,
				92CF189E2F0F3A11005E579B /* spliteaseUITests.xctest */,
			);
			name = Products;
			sourceTree = "<group>";
		};
/* End PBXGroup section */

/* Begin PBXNativeTarget section */
		92CF187D2F0F3A10005E579B /* splitease */ = {
			isa = PBXNativeTarget;
			buildConfigurationList = 92CF18A72F0F3A11005E579B /* Build configuration list for PBXNativeTarget "splitease" */;
			buildPhases = (
				92CF187A2F0F3A10005E579B /* Sources */,
				92CF187B2F0F3A10005E579B /* Frameworks */,
				92CF187C2F0F3A10005E579B /* Resources */,
			);
			buildRules = (
			);
			dependencies = (
			);
			fileSystemSynchronizedGroups = (
				92CF18802F0F3A10005E579B /* splitease */,
			);
			name = splitease;
			packageProductDependencies = (
			);
			productName = splitease;
			productReference = 92CF187E2F0F3A10005E579B /* splitease.app */;
			productType = "com.apple.product-type.application";
		};
		92CF18932F0F3A11005E579B /* spliteaseTests */ = {
			isa = PBXNativeTarget;
			buildConfigurationList = 92CF18AC2F0F3A11005E579B /* Build configuration list for PBXNativeTarget "spliteaseTests" */;
			buildPhases = (
				92CF18902F0F3A11005E579B /* Sources */,
				92CF18912F0F3A11005E579B /* Frameworks */,
				92CF18922F0F3A11005E579B /* Resources */,
			);
			buildRules = (
			);
			dependencies = (
				92CF18962F0F3A11005E579B /* PBXTargetDependency */,
			);
			fileSystemSynchronizedGroups = (
				92CF18972F0F3A11005E579B /* spliteaseTests */,
			);
			name = spliteaseTests;
			packageProductDependencies = (
			);
			productName = spliteaseTests;
			productReference = 92CF18942F0F3A11005E579B /* spliteaseTests.xctest */;
			productType = "com.apple.product-type.bundle.unit-test";
		};
		92CF189D2F0F3A11005E579B /* spliteaseUITests */ = {
			isa = PBXNativeTarget;
			buildConfigurationList = 92CF18AF2F0F3A11005E579B /* Build configuration list for PBXNativeTarget "spliteaseUITests" */;
			buildPhases = (
				92CF189A2F0F3A11005E579B /* Sources */,
				92CF189B2F0F3A11005E579B /* Frameworks */,
				92CF189C2F0F3A11005E579B /* Resources */,
			);
			buildRules = (
			);
			dependencies = (
				92CF18A02F0F3A11005E579B /* PBXTargetDependency */,
			);
			fileSystemSynchronizedGroups = (
				92CF18A12F0F3A11005E579B /* spliteaseUITests */,
			);
			name = spliteaseUITests;
			packageProductDependencies = (
			);
			productName = spliteaseUITests;
			productReference = 92CF189E2F0F3A11005E579B /* spliteaseUITests.xctest */;
			productType = "com.apple.product-type.bundle.ui-testing";
		};
/* End PBXNativeTarget section */

/* Begin PBXProject section */
		92CF18762F0F3A10005E579B /* Project object */ = {
			isa = PBXProject;
			attributes = {
				BuildIndependentTargetsInParallel = 1;
				LastSwiftUpdateCheck = 1620;
				LastUpgradeCheck = 2620;
				TargetAttributes = {
					92CF187D2F0F3A10005E579B = {
						CreatedOnToolsVersion = 16.2;
					};
					92CF18932F0F3A11005E579B = {
						CreatedOnToolsVersion = 16.2;
						TestTargetID = 92CF187D2F0F3A10005E579B;
					};
					92CF189D2F0F3A11005E579B = {
						CreatedOnToolsVersion = 16.2;
						TestTargetID = 92CF187D2F0F3A10005E579B;
					};
				};
			};
			buildConfigurationList = 92CF18792F0F3A10005E579B /* Build configuration list for PBXProject "splitease" */;
			developmentRegion = en;
			hasScannedForEncodings = 0;
			knownRegions = (
				en,
				Base,
			);
			mainGroup = 92CF18752F0F3A10005E579B;
			minimizedProjectReferenceProxies = 1;
			preferredProjectObjectVersion = 77;
			productRefGroup = 92CF187F2F0F3A10005E579B /* Products */;
			projectDirPath = "";
			projectRoot = "";
			targets = (
				92CF187D2F0F3A10005E579B /* splitease */,
				92CF18932F0F3A11005E579B /* spliteaseTests */,
				92CF189D2F0F3A11005E579B /* spliteaseUITests */,
			);
		};
/* End PBXProject section */

/* Begin PBXResourcesBuildPhase section */
		92CF187C2F0F3A10005E579B /* Resources */ = {
			isa = PBXResourcesBuildPhase;
			buildActionMask = 2147483647;
			files = (
			);
			runOnlyForDeploymentPostprocessing = 0;
		};
		92CF18922F0F3A11005E579B /* Resources */ = {
			isa = PBXResourcesBuildPhase;
			buildActionMask = 2147483647;
			files = (
			);
			runOnlyForDeploymentPostprocessing = 0;
		};
		92CF189C2F0F3A11005E579B /* Resources */ = {
			isa = PBXResourcesBuildPhase;
			buildActionMask = 2147483647;
			files = (
			);
			runOnlyForDeploymentPostprocessing = 0;
		};
/* End PBXResourcesBuildPhase section */

/* Begin PBXSourcesBuildPhase section */
		92CF187A2F0F3A10005E579B /* Sources */ = {
			isa = PBXSourcesBuildPhase;
			buildActionMask = 2147483647;
			files = (
			);
			runOnlyForDeploymentPostprocessing = 0;
		};
		92CF18902F0F3A11005E579B /* Sources */ = {
			isa = PBXSourcesBuildPhase;
			buildActionMask = 2147483647;
			files = (
			);
			runOnlyForDeploymentPostprocessing = 0;
		};
		92CF189A2F0F3A11005E579B /* Sources */ = {
			isa = PBXSourcesBuildPhase;
			buildActionMask = 2147483647;
			files = (
			);
			runOnlyForDeploymentPostprocessing = 0;
		};
/* End PBXSourcesBuildPhase section */

/* Begin PBXTargetDependency section */
		92CF18962F0F3A11005E579B /* PBXTargetDependency */ = {
			isa = PBXTargetDependency;
			target = 92CF187D2F0F3A10005E579B /* splitease */;
			targetProxy = 92CF18952F0F3A11005E579B /* PBXContainerItemProxy */;
		};
		92CF18A02F0F3A11005E579B /* PBXTargetDependency */ = {
			isa = PBXTargetDependency;
			target = 92CF187D2F0F3A10005E579B /* splitease */;
			targetProxy = 92CF189F2F0F3A11005E579B /* PBXContainerItemProxy */;
		};
/* End PBXTargetDependency section */

/* Begin XCBuildConfiguration section */
		92CF18A82F0F3A11005E579B /* Debug */ = {
			isa = XCBuildConfiguration;
			buildSettings = {
				ASSETCATALOG_COMPILER_APPICON_NAME = AppIcon;
				ASSETCATALOG_COMPILER_GLOBAL_ACCENT_COLOR_NAME = AccentColor;
				CODE_SIGN_ENTITLEMENTS = splitease/splitease.entitlements;
				CODE_SIGN_STYLE = Automatic;
				CURRENT_PROJECT_VERSION = 1;
				DEVELOPMENT_TEAM = 39BJ68ZRUU;
				GENERATE_INFOPLIST_FILE = YES;
				INFOPLIST_FILE = splitease/Info.plist;
				INFOPLIST_KEY_CFBundleDisplayName = "Otter!";
				INFOPLIST_KEY_LSApplicationCategoryType = "public.app-category.finance";
				INFOPLIST_KEY_UIApplicationSupportsIndirectInputEvents = YES;
				INFOPLIST_KEY_UILaunchStoryboardName = LaunchScreen;
				INFOPLIST_KEY_UIMainStoryboardFile = Main;
				INFOPLIST_KEY_UISupportedInterfaceOrientations_iPad = "UIInterfaceOrientationPortrait UIInterfaceOrientationPortraitUpsideDown UIInterfaceOrientationLandscapeLeft UIInterfaceOrientationLandscapeRight";
				INFOPLIST_KEY_UISupportedInterfaceOrientations_iPhone = "UIInterfaceOrientationPortrait UIInterfaceOrientationLandscapeLeft UIInterfaceOrientationLandscapeRight";
				LD_RUNPATH_SEARCH_PATHS = (
					"$(inherited)",
					"@executable_path/Frameworks",
				);
				MARKETING_VERSION = 1.0;
				PRODUCT_BUNDLE_IDENTIFIER = com.hyre.splitease;
				PRODUCT_NAME = "$(TARGET_NAME)";
				SUPPORTED_PLATFORMS = "iphoneos iphonesimulator";
				SUPPORTS_MACCATALYST = NO;
				SWIFT_EMIT_LOC_STRINGS = YES;
				SWIFT_VERSION = 5.0;
				TARGETED_DEVICE_FAMILY = "1,2";
			};
			name = Debug;
		};
		92CF18A92F0F3A11005E579B /* Release */ = {
			isa = XCBuildConfiguration;
			buildSettings = {
				ASSETCATALOG_COMPILER_APPICON_NAME = AppIcon;
				ASSETCATALOG_COMPILER_GLOBAL_ACCENT_COLOR_NAME = AccentColor;
				CODE_SIGN_ENTITLEMENTS = splitease/splitease.entitlements;
				CODE_SIGN_STYLE = Automatic;
				CURRENT_PROJECT_VERSION = 1;
				DEVELOPMENT_TEAM = 39BJ68ZRUU;
				GENERATE_INFOPLIST_FILE = YES;
				INFOPLIST_FILE = splitease/Info.plist;
				INFOPLIST_KEY_CFBundleDisplayName = "Otter!";
				INFOPLIST_KEY_LSApplicationCategoryType = "public.app-category.finance";
				INFOPLIST_KEY_UIApplicationSupportsIndirectInputEvents = YES;
				INFOPLIST_KEY_UILaunchStoryboardName = LaunchScreen;
				INFOPLIST_KEY_UIMainStoryboardFile = Main;
				INFOPLIST_KEY_UISupportedInterfaceOrientations_iPad = "UIInterfaceOrientationPortrait UIInterfaceOrientationPortraitUpsideDown UIInterfaceOrientationLandscapeLeft UIInterfaceOrientationLandscapeRight";
				INFOPLIST_KEY_UISupportedInterfaceOrientations_iPhone = "UIInterfaceOrientationPortrait UIInterfaceOrientationLandscapeLeft UIInterfaceOrientationLandscapeRight";
				LD_RUNPATH_SEARCH_PATHS = (
					"$(inherited)",
					"@executable_path/Frameworks",
				);
				MARKETING_VERSION = 1.0;
				PRODUCT_BUNDLE_IDENTIFIER = com.hyre.splitease;
				PRODUCT_NAME = "$(TARGET_NAME)";
				SUPPORTED_PLATFORMS = "iphoneos iphonesimulator";
				SUPPORTS_MACCATALYST = NO;
				SWIFT_EMIT_LOC_STRINGS = YES;
				SWIFT_VERSION = 5.0;
				TARGETED_DEVICE_FAMILY = "1,2";
			};
			name = Release;
		};
		92CF18AA2F0F3A11005E579B /* Debug */ = {
			isa = XCBuildConfiguration;
			baseConfigurationReference = 92CF18B42F0F3A11005E579B /* splitease/Config/Debug.xcconfig */;
			buildSettings = {
				ALWAYS_SEARCH_USER_PATHS = NO;
				ASSETCATALOG_COMPILER_GENERATE_SWIFT_ASSET_SYMBOL_EXTENSIONS = YES;
				CLANG_ANALYZER_NONNULL = YES;
				CLANG_ANALYZER_NUMBER_OBJECT_CONVERSION = YES_AGGRESSIVE;
				CLANG_CXX_LANGUAGE_STANDARD = "gnu++20";
				CLANG_ENABLE_MODULES = YES;
				CLANG_ENABLE_OBJC_ARC = YES;
				CLANG_ENABLE_OBJC_WEAK = YES;
				CLANG_WARN_BLOCK_CAPTURE_AUTORELEASING = YES;
				CLANG_WARN_BOOL_CONVERSION = YES;
				CLANG_WARN_COMMA = YES;
				CLANG_WARN_CONSTANT_CONVERSION = YES;
				CLANG_WARN_DEPRECATED_OBJC_IMPLEMENTATIONS = YES;
				CLANG_WARN_DIRECT_OBJC_ISA_USAGE = YES_ERROR;
				CLANG_WARN_DOCUMENTATION_COMMENTS = YES;
				CLANG_WARN_EMPTY_BODY = YES;
				CLANG_WARN_ENUM_CONVERSION = YES;
				CLANG_WARN_INFINITE_RECURSION = YES;
				CLANG_WARN_INT_CONVERSION = YES;
				CLANG_WARN_NON_LITERAL_NULL_CONVERSION = YES;
				CLANG_WARN_OBJC_IMPLICIT_RETAIN_SELF = YES;
				CLANG_WARN_OBJC_LITERAL_CONVERSION = YES;
				CLANG_WARN_OBJC_ROOT_CLASS = YES_ERROR;
				CLANG_WARN_QUOTED_INCLUDE_IN_FRAMEWORK_HEADER = YES;
				CLANG_WARN_RANGE_LOOP_ANALYSIS = YES;
				CLANG_WARN_STRICT_PROTOTYPES = YES;
				CLANG_WARN_SUSPICIOUS_MOVE = YES;
				CLANG_WARN_UNGUARDED_AVAILABILITY = YES_AGGRESSIVE;
				CLANG_WARN_UNREACHABLE_CODE = YES;
				CLANG_WARN__DUPLICATE_METHOD_MATCH = YES;
				COPY_PHASE_STRIP = NO;
				DEBUG_INFORMATION_FORMAT = dwarf;
				ENABLE_STRICT_OBJC_MSGSEND = YES;
				ENABLE_TESTABILITY = YES;
				ENABLE_USER_SCRIPT_SANDBOXING = YES;
				GCC_C_LANGUAGE_STANDARD = gnu17;
				GCC_DYNAMIC_NO_PIC = NO;
				GCC_NO_COMMON_BLOCKS = YES;
				GCC_OPTIMIZATION_LEVEL = 0;
				GCC_PREPROCESSOR_DEFINITIONS = (
					"DEBUG=1",
					"$(inherited)",
				);
				GCC_WARN_64_TO_32_BIT_CONVERSION = YES;
				GCC_WARN_ABOUT_RETURN_TYPE = YES_ERROR;
				GCC_WARN_UNDECLARED_SELECTOR = YES;
				GCC_WARN_UNINITIALIZED_AUTOS = YES_AGGRESSIVE;
				GCC_WARN_UNUSED_FUNCTION = YES;
				GCC_WARN_UNUSED_VARIABLE = YES;
				IPHONEOS_DEPLOYMENT_TARGET = 18.2;
				LOCALIZATION_PREFERS_STRING_CATALOGS = YES;
				MTL_ENABLE_DEBUG_INFO = INCLUDE_SOURCE;
				MTL_FAST_MATH = YES;
				ONLY_ACTIVE_ARCH = YES;
				SDKROOT = iphoneos;
				STRING_CATALOG_GENERATE_SYMBOLS = YES;
				SWIFT_ACTIVE_COMPILATION_CONDITIONS = "DEBUG $(inherited)";
				SWIFT_OPTIMIZATION_LEVEL = "-Onone";
			};
			name = Debug;
		};
		92CF18AB2F0F3A11005E579B /* Release */ = {
			isa = XCBuildConfiguration;
			baseConfigurationReference = 92CF18B52F0F3A11005E579B /* splitease/Config/Release.xcconfig */;
			buildSettings = {
				ALWAYS_SEARCH_USER_PATHS = NO;
				ASSETCATALOG_COMPILER_GENERATE_SWIFT_ASSET_SYMBOL_EXTENSIONS = YES;
				CLANG_ANALYZER_NONNULL = YES;
				CLANG_ANALYZER_NUMBER_OBJECT_CONVERSION = YES_AGGRESSIVE;
				CLANG_CXX_LANGUAGE_STANDARD = "gnu++20";
				CLANG_ENABLE_MODULES = YES;
				CLANG_ENABLE_OBJC_ARC = YES;
				CLANG_ENABLE_OBJC_WEAK = YES;
				CLANG_WARN_BLOCK_CAPTURE_AUTORELEASING = YES;
				CLANG_WARN_BOOL_CONVERSION = YES;
				CLANG_WARN_COMMA = YES;
				CLANG_WARN_CONSTANT_CONVERSION = YES;
				CLANG_WARN_DEPRECATED_OBJC_IMPLEMENTATIONS = YES;
				CLANG_WARN_DIRECT_OBJC_ISA_USAGE = YES_ERROR;
				CLANG_WARN_DOCUMENTATION_COMMENTS = YES;
				CLANG_WARN_EMPTY_BODY = YES;
				CLANG_WARN_ENUM_CONVERSION = YES;
				CLANG_WARN_INFINITE_RECURSION = YES;
				CLANG_WARN_INT_CONVERSION = YES;
				CLANG_WARN_NON_LITERAL_NULL_CONVERSION = YES;
				CLANG_WARN_OBJC_IMPLICIT_RETAIN_SELF = YES;
				CLANG_WARN_OBJC_LITERAL_CONVERSION = YES;
				CLANG_WARN_OBJC_ROOT_CLASS = YES_ERROR;
				CLANG_WARN_QUOTED_INCLUDE_IN_FRAMEWORK_HEADER = YES;
				CLANG_WARN_RANGE_LOOP_ANALYSIS = YES;
				CLANG_WARN_STRICT_PROTOTYPES = YES;
				CLANG_WARN_SUSPICIOUS_MOVE = YES;
				CLANG_WARN_UNGUARDED_AVAILABILITY = YES_AGGRESSIVE;
				CLANG_WARN_UNREACHABLE_CODE = YES;
				CLANG_WARN__DUPLICATE_METHOD_MATCH = YES;
				COPY_PHASE_STRIP = NO;
				DEBUG_INFORMATION_FORMAT = "dwarf-with-dsym";
				ENABLE_NS_ASSERTIONS = NO;
				ENABLE_STRICT_OBJC_MSGSEND = YES;
				ENABLE_USER_SCRIPT_SANDBOXING = YES;
				GCC_C_LANGUAGE_STANDARD = gnu17;
				GCC_NO_COMMON_BLOCKS = YES;
				GCC_WARN_64_TO_32_BIT_CONVERSION = YES;
				GCC_WARN_ABOUT_RETURN_TYPE = YES_ERROR;
				GCC_WARN_UNDECLARED_SELECTOR = YES;
				GCC_WARN_UNINITIALIZED_AUTOS = YES_AGGRESSIVE;
				GCC_WARN_UNUSED_FUNCTION = YES;
				GCC_WARN_UNUSED_VARIABLE = YES;
				IPHONEOS_DEPLOYMENT_TARGET = 18.2;
				LOCALIZATION_PREFERS_STRING_CATALOGS = YES;
				MTL_ENABLE_DEBUG_INFO = NO;
				MTL_FAST_MATH = YES;
				SDKROOT = iphoneos;
				STRING_CATALOG_GENERATE_SYMBOLS = YES;
				SWIFT_COMPILATION_MODE = wholemodule;
				VALIDATE_PRODUCT = YES;
			};
			name = Release;
		};
		92CF18AD2F0F3A11005E579B /* Debug */ = {
			isa = XCBuildConfiguration;
			buildSettings = {
				BUNDLE_LOADER = "$(TEST_HOST)";
				CODE_SIGN_STYLE = Automatic;
				CURRENT_PROJECT_VERSION = 1;
				DEVELOPMENT_TEAM = L7B5G4NH3A;
				GENERATE_INFOPLIST_FILE = YES;
				IPHONEOS_DEPLOYMENT_TARGET = 18.2;
				MARKETING_VERSION = 1.0;
				PRODUCT_BUNDLE_IDENTIFIER = com.hyre.spliteaseTests;
				PRODUCT_NAME = "$(TARGET_NAME)";
				SWIFT_EMIT_LOC_STRINGS = NO;
				SWIFT_VERSION = 5.0;
				TARGETED_DEVICE_FAMILY = "1,2";
				TEST_HOST = "$(BUILT_PRODUCTS_DIR)/splitease.app/$(BUNDLE_EXECUTABLE_FOLDER_PATH)/splitease";
			};
			name = Debug;
		};
		92CF18AE2F0F3A11005E579B /* Release */ = {
			isa = XCBuildConfiguration;
			buildSettings = {
				BUNDLE_LOADER = "$(TEST_HOST)";
				CODE_SIGN_STYLE = Automatic;
				CURRENT_PROJECT_VERSION = 1;
				DEVELOPMENT_TEAM = L7B5G4NH3A;
				GENERATE_INFOPLIST_FILE = YES;
				IPHONEOS_DEPLOYMENT_TARGET = 18.2;
				MARKETING_VERSION = 1.0;
				PRODUCT_BUNDLE_IDENTIFIER = com.hyre.spliteaseTests;
				PRODUCT_NAME = "$(TARGET_NAME)";
				SWIFT_EMIT_LOC_STRINGS = NO;
				SWIFT_VERSION = 5.0;
				TARGETED_DEVICE_FAMILY = "1,2";
				TEST_HOST = "$(BUILT_PRODUCTS_DIR)/splitease.app/$(BUNDLE_EXECUTABLE_FOLDER_PATH)/splitease";
			};
			name = Release;
		};
		92CF18B02F0F3A11005E579B /* Debug */ = {
			isa = XCBuildConfiguration;
			buildSettings = {
				CODE_SIGN_STYLE = Automatic;
				CURRENT_PROJECT_VERSION = 1;
				DEVELOPMENT_TEAM = L7B5G4NH3A;
				GENERATE_INFOPLIST_FILE = YES;
				MARKETING_VERSION = 1.0;
				PRODUCT_BUNDLE_IDENTIFIER = com.hyre.spliteaseUITests;
				PRODUCT_NAME = "$(TARGET_NAME)";
				SWIFT_EMIT_LOC_STRINGS = NO;
				SWIFT_VERSION = 5.0;
				TARGETED_DEVICE_FAMILY = "1,2";
				TEST_TARGET_NAME = splitease;
			};
			name = Debug;
		};
		92CF18B12F0F3A11005E579B /* Release */ = {
			isa = XCBuildConfiguration;
			buildSettings = {
				CODE_SIGN_STYLE = Automatic;
				CURRENT_PROJECT_VERSION = 1;
				DEVELOPMENT_TEAM = L7B5G4NH3A;
				GENERATE_INFOPLIST_FILE = YES;
				MARKETING_VERSION = 1.0;
				PRODUCT_BUNDLE_IDENTIFIER = com.hyre.spliteaseUITests;
				PRODUCT_NAME = "$(TARGET_NAME)";
				SWIFT_EMIT_LOC_STRINGS = NO;
				SWIFT_VERSION = 5.0;
				TARGETED_DEVICE_FAMILY = "1,2";
				TEST_TARGET_NAME = splitease;
			};
			name = Release;
		};
/* End XCBuildConfiguration section */

/* Begin XCConfigurationList section */
		92CF18792F0F3A10005E579B /* Build configuration list for PBXProject "splitease" */ = {
			isa = XCConfigurationList;
			buildConfigurations = (
				92CF18AA2F0F3A11005E579B /* Debug */,
				92CF18AB2F0F3A11005E579B /* Release */,
			);
			defaultConfigurationIsVisible = 0;
			defaultConfigurationName = Release;
		};
		92CF18A72F0F3A11005E579B /* Build configuration list for PBXNativeTarget "splitease" */ = {
			isa = XCConfigurationList;
			buildConfigurations = (
				92CF18A82F0F3A11005E579B /* Debug */,
				92CF18A92F0F3A11005E579B /* Release */,
			);
			defaultConfigurationIsVisible = 0;
			defaultConfigurationName = Release;
		};
		92CF18AC2F0F3A11005E579B /* Build configuration list for PBXNativeTarget "spliteaseTests" */ = {
			isa = XCConfigurationList;
			buildConfigurations = (
				92CF18AD2F0F3A11005E579B /* Debug */,
				92CF18AE2F0F3A11005E579B /* Release */,
			);
			defaultConfigurationIsVisible = 0;
			defaultConfigurationName = Release;
		};
		92CF18AF2F0F3A11005E579B /* Build configuration list for PBXNativeTarget "spliteaseUITests" */ = {
			isa = XCConfigurationList;
			buildConfigurations = (
				92CF18B02F0F3A11005E579B /* Debug */,
				92CF18B12F0F3A11005E579B /* Release */,
			);
			defaultConfigurationIsVisible = 0;
			defaultConfigurationName = Release;
		};
/* End XCConfigurationList section */
	};
	rootObject = 92CF18762F0F3A10005E579B /* Project object */;
}
